{
    "_meta": {
        "hash": {
            "sha256": "496e8aea2972efd6b109dc824aff4c916dce91d9ebe80015b8795bbdf8fd0b06"
        },
        "pipfile-spec": 6,
        "requires": {
            "python_version": "3.9"
        },
        "sources": [
            {
                "name": "pypi",
                "url": "https://pypi.org/simple",
                "verify_ssl": true
            }
        ]
    },
    "default": {
        "opencc": {
            "hashes": [
                "sha256:0e7fccb562051be44824809b985ba22dc54fe4ea165d75f1904e9e274b29f0a5",
                "sha256:12e91c7ddb2a7e2c3e96a1c2b7378049f49209ea2bedaf9ea5deb56d9d11f186",
                "sha256:60047946f94e304e36c95a3288cd78007dd5e26a73fdbf9d810697362dce8ab8",
                "sha256:62b3ff13fbf7a92601f5df0052aa1cb948c27b5bb669b3b9ccecaad2d59f588a",
                "sha256:68fa39f8aa1c471f03969d7e7dec13d8f60d30168a895808a51ac4325f88eb95",
                "sha256:9f5f6a779839b2f4d63102814c7c74b262ae9542fa9e05c686f493400926ddfa",
                "sha256:ab82f6b908eedda8f998946ff8ef3632015c345923b035931be87fa0c038357c",
                "sha256:d0537a0068166e9bf391db4c85dbc9099866fd29ec0a8b3d2abb8cf10e8f50df",
                "sha256:e1a51039319d4d420e6809accfb231e808533d38d526d27846c1979052face40",
                "sha256:f84fdf2a5abd97171edc477a884f248b5f78b1269020d5b82482ad34d7692fcc"
            ],
            "index": "pypi",
            "version": "==1.1.6"
        },
        "pypinyin": {
            "hashes": [
                "sha256:38b8a478b4af17c5b4211482ea35c68eb0ca3a81661e5fb2abe6f9cc66d1634b",
                "sha256:63d18b8f10dd38a3e57f26b6833a983d9176f2e9c4a53157c23e1343d0b3dbf8"
            ],
            "index": "pypi",
            "version": "==0.48.0"
        }
    },
    "develop": {}
}
